
Microsoft Visual Studio Solution File, Format Version 12.00
# Visual Studio 15
VisualStudioVersion = 15.0.28307.960
MinimumVisualStudioVersion = 10.0.40219.1
Project("{FAE04EC0-301F-11D3-BF4B-00C04F79EFBC}") = "GoKartChamp.PresentationLayer", "GoKartChamp.PresentationLayer\GoKartChamp.PresentationLayer.csproj", "{3CA79FD6-184A-4FCA-B8FC-D164662180D5}"
EndProject
Project("{FAE04EC0-301F-11D3-BF4B-00C04F79EFBC}") = "GoKartChamp.Model", "GoKartChamp.Model\GoKartChamp.Model.csproj", "{500CEC0D-4663-4FE3-9CF6-8A68A1D0F22E}"
EndProject
Project("{FAE04EC0-301F-11D3-BF4B-00C04F79EFBC}") = "GoKartChamp.Controllers", "GoKartChamp.Controllers\GoKartChamp.Controllers.csproj", "{D6C63FA9-05A7-454A-90DC-12BA7381214F}"
EndProject
Project("{FAE04EC0-301F-11D3-BF4B-00C04F79EFBC}") = "GoKartChamp.AppStarter", "GoKartChamp.AppStarter\GoKartChamp.AppStarter.csproj", "{76257CD8-F004-4403-9DD3-55D39ABEFC67}"
EndProject
Project("{FAE04EC0-301F-11D3-BF4B-00C04F79EFBC}") = "GoKartChamp.BaseLib", "GoKartChamp.BaseLib\GoKartChamp.BaseLib.csproj", "{4BE0D8C6-E86F-48AD-89AE-677B87D0F49F}"
EndProject
Project("{FAE04EC0-301F-11D3-BF4B-00C04F79EFBC}") = "GoKartChamp.MemBasedDAL", "GoKartChamp.MemBasedDAL\GoKartChamp.MemBasedDAL.csproj", "{C64E9142-44B7-466C-808C-8E388599F736}"
EndProject
Project("{FAE04EC0-301F-11D3-BF4B-00C04F79EFBC}") = "GoKartChamp.UnitTests", "GoKartChamp.UnitTests\GoKartChamp.UnitTests.csproj", "{7CB93056-7FF5-4AE7-80D1-D07C87784159}"
EndProject
Global
	GlobalSection(SolutionConfigurationPlatforms) = preSolution
		Debug|Any CPU = Debug|Any CPU
		Release|Any CPU = Release|Any CPU
	EndGlobalSection
	GlobalSection(ProjectConfigurationPlatforms) = postSolution
		{3CA79FD6-184A-4FCA-B8FC-D164662180D5}.Debug|Any CPU.ActiveCfg = Debug|Any CPU
		{3CA79FD6-184A-4FCA-B8FC-D164662180D5}.Debug|Any CPU.Build.0 = Debug|Any CPU
		{3CA79FD6-184A-4FCA-B8FC-D164662180D5}.Release|Any CPU.ActiveCfg = Release|Any CPU
		{3CA79FD6-184A-4FCA-B8FC-D164662180D5}.Release|Any CPU.Build.0 = Release|Any CPU
		{500CEC0D-4663-4FE3-9CF6-8A68A1D0F22E}.Debug|Any CPU.ActiveCfg = Debug|Any CPU
		{500CEC0D-4663-4FE3-9CF6-8A68A1D0F22E}.Debug|Any CPU.Build.0 = Debug|Any CPU
		{500CEC0D-4663-4FE3-9CF6-8A68A1D0F22E}.Release|Any CPU.ActiveCfg = Release|Any CPU
		{500CEC0D-4663-4FE3-9CF6-8A68A1D0F22E}.Release|Any CPU.Build.0 = Release|Any CPU
		{D6C63FA9-05A7-454A-90DC-12BA7381214F}.Debug|Any CPU.ActiveCfg = Debug|Any CPU
		{D6C63FA9-05A7-454A-90DC-12BA7381214F}.Debug|Any CPU.Build.0 = Debug|Any CPU
		{D6C63FA9-05A7-454A-90DC-12BA7381214F}.Release|Any CPU.ActiveCfg = Release|Any CPU
		{D6C63FA9-05A7-454A-90DC-12BA7381214F}.Release|Any CPU.Build.0 = Release|Any CPU
		{76257CD8-F004-4403-9DD3-55D39ABEFC67}.Debug|Any CPU.ActiveCfg = Debug|Any CPU
		{76257CD8-F004-4403-9DD3-55D39ABEFC67}.Debug|Any CPU.Build.0 = Debug|Any CPU
		{76257CD8-F004-4403-9DD3-55D39ABEFC67}.Release|Any CPU.ActiveCfg = Release|Any CPU
		{76257CD8-F004-4403-9DD3-55D39ABEFC67}.Release|Any CPU.Build.0 = Release|Any CPU
		{4BE0D8C6-E86F-48AD-89AE-677B87D0F49F}.Debug|Any CPU.ActiveCfg = Debug|Any CPU
		{4BE0D8C6-E86F-48AD-89AE-677B87D0F49F}.Debug|Any CPU.Build.0 = Debug|Any CPU
		{4BE0D8C6-E86F-48AD-89AE-677B87D0F49F}.Release|Any CPU.ActiveCfg = Release|Any CPU
		{4BE0D8C6-E86F-48AD-89AE-677B87D0F49F}.Release|Any CPU.Build.0 = Release|Any CPU
		{C64E9142-44B7-466C-808C-8E388599F736}.Debug|Any CPU.ActiveCfg = Debug|Any CPU
		{C64E9142-44B7-466C-808C-8E388599F736}.Debug|Any CPU.Build.0 = Debug|Any CPU
		{C64E9142-44B7-466C-808C-8E388599F736}.Release|Any CPU.ActiveCfg = Release|Any CPU
		{C64E9142-44B7-466C-808C-8E388599F736}.Release|Any CPU.Build.0 = Release|Any CPU
		{7CB93056-7FF5-4AE7-80D1-D07C87784159}.Debug|Any CPU.ActiveCfg = Debug|Any CPU
		{7CB93056-7FF5-4AE7-80D1-D07C87784159}.Debug|Any CPU.Build.0 = Debug|Any CPU
		{7CB93056-7FF5-4AE7-80D1-D07C87784159}.Release|Any CPU.ActiveCfg = Release|Any CPU
		{7CB93056-7FF5-4AE7-80D1-D07C87784159}.Release|Any CPU.Build.0 = Release|Any CPU
	EndGlobalSection
	GlobalSection(SolutionProperties) = preSolution
		HideSolutionNode = FALSE
	EndGlobalSection
	GlobalSection(ExtensibilityGlobals) = postSolution
		SolutionGuid = {F7D4E0C7-1D1C-431C-8E99-38829C70C43B}
	EndGlobalSection
EndGlobal
